
Microsoft Visual Studio Solution File, Format Version 12.00
# Visual Studio Version 17
VisualStudioVersion = 17.0.31903.59
MinimumVisualStudioVersion = 10.0.40219.1
Project("{2150E333-8FDC-42A3-9474-1A3956D46DE8}") = "src", "src", "{827E0CD3-B72D-47B6-A68D-7590B98EB39B}"
EndProject
Project("{FAE04EC0-301F-11D3-BF4B-00C04F79EFBC}") = "VetUberApp.Domain", "src\VetUberApp.Domain\VetUberApp.Domain.csproj", "{1D953D54-E2A2-429A-87E1-80B25CB6A34C}"
EndProject
Project("{FAE04EC0-301F-11D3-BF4B-00C04F79EFBC}") = "VetUberApp.Application", "src\VetUberApp.Application\VetUberApp.Application.csproj", "{7DE6ED0B-5A87-4424-B060-77EB66D9DD57}"
EndProject
Project("{FAE04EC0-301F-11D3-BF4B-00C04F79EFBC}") = "VetUberApp.Infrastructure", "src\VetUberApp.Infrastructure\VetUberApp.Infrastructure.csproj", "{16BFBF61-F1E1-48F7-A99B-6238DC623485}"
EndProject
Project("{FAE04EC0-301F-11D3-BF4B-00C04F79EFBC}") = "VetUberApp.API", "src\VetUberApp.API\VetUberApp.API.csproj", "{66583444-398C-43CD-B9ED-3B63D5D3283B}"
EndProject
Project("{FAE04EC0-301F-11D3-BF4B-00C04F79EFBC}") = "VetUberApp.Shared", "src\VetUberApp.Shared\VetUberApp.Shared.csproj", "{8ABA13B2-4A39-4CE7-A055-A37563090D56}"
EndProject
Project("{2150E333-8FDC-42A3-9474-1A3956D46DE8}") = "tests", "tests", "{0AB3BF05-4346-4AA6-1389-037BE0695223}"
EndProject
Project("{FAE04EC0-301F-11D3-BF4B-00C04F79EFBC}") = "VetUberApp.IntegrationTests", "tests\VetUberApp.IntegrationTests\VetUberApp.IntegrationTests.csproj", "{F1660FEE-70E3-4028-9FA8-A8C6720CA68E}"
EndProject
Project("{FAE04EC0-301F-11D3-BF4B-00C04F79EFBC}") = "VetUberApp.UnitTests", "tests\VetUberApp.UnitTests\VetUberApp.UnitTests.csproj", "{12F71A51-3996-4B82-81ED-DB497B400654}"
EndProject
Global
	GlobalSection(SolutionConfigurationPlatforms) = preSolution
		Debug|Any CPU = Debug|Any CPU
		Debug|x64 = Debug|x64
		Debug|x86 = Debug|x86
		Release|Any CPU = Release|Any CPU
		Release|x64 = Release|x64
		Release|x86 = Release|x86
	EndGlobalSection
	GlobalSection(ProjectConfigurationPlatforms) = postSolution
		{1D953D54-E2A2-429A-87E1-80B25CB6A34C}.Debug|Any CPU.ActiveCfg = Debug|Any CPU
		{1D953D54-E2A2-429A-87E1-80B25CB6A34C}.Debug|Any CPU.Build.0 = Debug|Any CPU
		{1D953D54-E2A2-429A-87E1-80B25CB6A34C}.Debug|x64.ActiveCfg = Debug|Any CPU
		{1D953D54-E2A2-429A-87E1-80B25CB6A34C}.Debug|x64.Build.0 = Debug|Any CPU
		{1D953D54-E2A2-429A-87E1-80B25CB6A34C}.Debug|x86.ActiveCfg = Debug|Any CPU
		{1D953D54-E2A2-429A-87E1-80B25CB6A34C}.Debug|x86.Build.0 = Debug|Any CPU
		{1D953D54-E2A2-429A-87E1-80B25CB6A34C}.Release|Any CPU.ActiveCfg = Release|Any CPU
		{1D953D54-E2A2-429A-87E1-80B25CB6A34C}.Release|Any CPU.Build.0 = Release|Any CPU
		{1D953D54-E2A2-429A-87E1-80B25CB6A34C}.Release|x64.ActiveCfg = Release|Any CPU
		{1D953D54-E2A2-429A-87E1-80B25CB6A34C}.Release|x64.Build.0 = Release|Any CPU
		{1D953D54-E2A2-429A-87E1-80B25CB6A34C}.Release|x86.ActiveCfg = Release|Any CPU
		{1D953D54-E2A2-429A-87E1-80B25CB6A34C}.Release|x86.Build.0 = Release|Any CPU
		{7DE6ED0B-5A87-4424-B060-77EB66D9DD57}.Debug|Any CPU.ActiveCfg = Debug|Any CPU
		{7DE6ED0B-5A87-4424-B060-77EB66D9DD57}.Debug|Any CPU.Build.0 = Debug|Any CPU
		{7DE6ED0B-5A87-4424-B060-77EB66D9DD57}.Debug|x64.ActiveCfg = Debug|Any CPU
		{7DE6ED0B-5A87-4424-B060-77EB66D9DD57}.Debug|x64.Build.0 = Debug|Any CPU
		{7DE6ED0B-5A87-4424-B060-77EB66D9DD57}.Debug|x86.ActiveCfg = Debug|Any CPU
		{7DE6ED0B-5A87-4424-B060-77EB66D9DD57}.Debug|x86.Build.0 = Debug|Any CPU
		{7DE6ED0B-5A87-4424-B060-77EB66D9DD57}.Release|Any CPU.ActiveCfg = Release|Any CPU
		{7DE6ED0B-5A87-4424-B060-77EB66D9DD57}.Release|Any CPU.Build.0 = Release|Any CPU
		{7DE6ED0B-5A87-4424-B060-77EB66D9DD57}.Release|x64.ActiveCfg = Release|Any CPU
		{7DE6ED0B-5A87-4424-B060-77EB66D9DD57}.Release|x64.Build.0 = Release|Any CPU
		{7DE6ED0B-5A87-4424-B060-77EB66D9DD57}.Release|x86.ActiveCfg = Release|Any CPU
		{7DE6ED0B-5A87-4424-B060-77EB66D9DD57}.Release|x86.Build.0 = Release|Any CPU
		{16BFBF61-F1E1-48F7-A99B-6238DC623485}.Debug|Any CPU.ActiveCfg = Debug|Any CPU
		{16BFBF61-F1E1-48F7-A99B-6238DC623485}.Debug|Any CPU.Build.0 = Debug|Any CPU
		{16BFBF61-F1E1-48F7-A99B-6238DC623485}.Debug|x64.ActiveCfg = Debug|Any CPU
		{16BFBF61-F1E1-48F7-A99B-6238DC623485}.Debug|x64.Build.0 = Debug|Any CPU
		{16BFBF61-F1E1-48F7-A99B-6238DC623485}.Debug|x86.ActiveCfg = Debug|Any CPU
		{16BFBF61-F1E1-48F7-A99B-6238DC623485}.Debug|x86.Build.0 = Debug|Any CPU
		{16BFBF61-F1E1-48F7-A99B-6238DC623485}.Release|Any CPU.ActiveCfg = Release|Any CPU
		{16BFBF61-F1E1-48F7-A99B-6238DC623485}.Release|Any CPU.Build.0 = Release|Any CPU
		{16BFBF61-F1E1-48F7-A99B-6238DC623485}.Release|x64.ActiveCfg = Release|Any CPU
		{16BFBF61-F1E1-48F7-A99B-6238DC623485}.Release|x64.Build.0 = Release|Any CPU
		{16BFBF61-F1E1-48F7-A99B-6238DC623485}.Release|x86.ActiveCfg = Release|Any CPU
		{16BFBF61-F1E1-48F7-A99B-6238DC623485}.Release|x86.Build.0 = Release|Any CPU
		{66583444-398C-43CD-B9ED-3B63D5D3283B}.Debug|Any CPU.ActiveCfg = Debug|Any CPU
		{66583444-398C-43CD-B9ED-3B63D5D3283B}.Debug|Any CPU.Build.0 = Debug|Any CPU
		{66583444-398C-43CD-B9ED-3B63D5D3283B}.Debug|x64.ActiveCfg = Debug|Any CPU
		{66583444-398C-43CD-B9ED-3B63D5D3283B}.Debug|x64.Build.0 = Debug|Any CPU
		{66583444-398C-43CD-B9ED-3B63D5D3283B}.Debug|x86.ActiveCfg = Debug|Any CPU
		{66583444-398C-43CD-B9ED-3B63D5D3283B}.Debug|x86.Build.0 = Debug|Any CPU
		{66583444-398C-43CD-B9ED-3B63D5D3283B}.Release|Any CPU.ActiveCfg = Release|Any CPU
		{66583444-398C-43CD-B9ED-3B63D5D3283B}.Release|Any CPU.Build.0 = Release|Any CPU
		{66583444-398C-43CD-B9ED-3B63D5D3283B}.Release|x64.ActiveCfg = Release|Any CPU
		{66583444-398C-43CD-B9ED-3B63D5D3283B}.Release|x64.Build.0 = Release|Any CPU
		{66583444-398C-43CD-B9ED-3B63D5D3283B}.Release|x86.ActiveCfg = Release|Any CPU
		{66583444-398C-43CD-B9ED-3B63D5D3283B}.Release|x86.Build.0 = Release|Any CPU
		{8ABA13B2-4A39-4CE7-A055-A37563090D56}.Debug|Any CPU.ActiveCfg = Debug|Any CPU
		{8ABA13B2-4A39-4CE7-A055-A37563090D56}.Debug|Any CPU.Build.0 = Debug|Any CPU
		{8ABA13B2-4A39-4CE7-A055-A37563090D56}.Debug|x64.ActiveCfg = Debug|Any CPU
		{8ABA13B2-4A39-4CE7-A055-A37563090D56}.Debug|x64.Build.0 = Debug|Any CPU
		{8ABA13B2-4A39-4CE7-A055-A37563090D56}.Debug|x86.ActiveCfg = Debug|Any CPU
		{8ABA13B2-4A39-4CE7-A055-A37563090D56}.Debug|x86.Build.0 = Debug|Any CPU
		{8ABA13B2-4A39-4CE7-A055-A37563090D56}.Release|Any CPU.ActiveCfg = Release|Any CPU
		{8ABA13B2-4A39-4CE7-A055-A37563090D56}.Release|Any CPU.Build.0 = Release|Any CPU
		{8ABA13B2-4A39-4CE7-A055-A37563090D56}.Release|x64.ActiveCfg = Release|Any CPU
		{8ABA13B2-4A39-4CE7-A055-A37563090D56}.Release|x64.Build.0 = Release|Any CPU
		{8ABA13B2-4A39-4CE7-A055-A37563090D56}.Release|x86.ActiveCfg = Release|Any CPU
		{8ABA13B2-4A39-4CE7-A055-A37563090D56}.Release|x86.Build.0 = Release|Any CPU
		{F1660FEE-70E3-4028-9FA8-A8C6720CA68E}.Debug|Any CPU.ActiveCfg = Debug|Any CPU
		{F1660FEE-70E3-4028-9FA8-A8C6720CA68E}.Debug|Any CPU.Build.0 = Debug|Any CPU
		{F1660FEE-70E3-4028-9FA8-A8C6720CA68E}.Debug|x64.ActiveCfg = Debug|Any CPU
		{F1660FEE-70E3-4028-9FA8-A8C6720CA68E}.Debug|x64.Build.0 = Debug|Any CPU
		{F1660FEE-70E3-4028-9FA8-A8C6720CA68E}.Debug|x86.ActiveCfg = Debug|Any CPU
		{F1660FEE-70E3-4028-9FA8-A8C6720CA68E}.Debug|x86.Build.0 = Debug|Any CPU
		{F1660FEE-70E3-4028-9FA8-A8C6720CA68E}.Release|Any CPU.ActiveCfg = Release|Any CPU
		{F1660FEE-70E3-4028-9FA8-A8C6720CA68E}.Release|Any CPU.Build.0 = Release|Any CPU
		{F1660FEE-70E3-4028-9FA8-A8C6720CA68E}.Release|x64.ActiveCfg = Release|Any CPU
		{F1660FEE-70E3-4028-9FA8-A8C6720CA68E}.Release|x64.Build.0 = Release|Any CPU
		{F1660FEE-70E3-4028-9FA8-A8C6720CA68E}.Release|x86.ActiveCfg = Release|Any CPU
		{F1660FEE-70E3-4028-9FA8-A8C6720CA68E}.Release|x86.Build.0 = Release|Any CPU
		{12F71A51-3996-4B82-81ED-DB497B400654}.Debug|Any CPU.ActiveCfg = Debug|Any CPU
		{12F71A51-3996-4B82-81ED-DB497B400654}.Debug|Any CPU.Build.0 = Debug|Any CPU
		{12F71A51-3996-4B82-81ED-DB497B400654}.Debug|x64.ActiveCfg = Debug|Any CPU
		{12F71A51-3996-4B82-81ED-DB497B400654}.Debug|x64.Build.0 = Debug|Any CPU
		{12F71A51-3996-4B82-81ED-DB497B400654}.Debug|x86.ActiveCfg = Debug|Any CPU
		{12F71A51-3996-4B82-81ED-DB497B400654}.Debug|x86.Build.0 = Debug|Any CPU
		{12F71A51-3996-4B82-81ED-DB497B400654}.Release|Any CPU.ActiveCfg = Release|Any CPU
		{12F71A51-3996-4B82-81ED-DB497B400654}.Release|Any CPU.Build.0 = Release|Any CPU
		{12F71A51-3996-4B82-81ED-DB497B400654}.Release|x64.ActiveCfg = Release|Any CPU
		{12F71A51-3996-4B82-81ED-DB497B400654}.Release|x64.Build.0 = Release|Any CPU
		{12F71A51-3996-4B82-81ED-DB497B400654}.Release|x86.ActiveCfg = Release|Any CPU
		{12F71A51-3996-4B82-81ED-DB497B400654}.Release|x86.Build.0 = Release|Any CPU
	EndGlobalSection
	GlobalSection(SolutionProperties) = preSolution
		HideSolutionNode = FALSE
	EndGlobalSection
	GlobalSection(NestedProjects) = preSolution
		{1D953D54-E2A2-429A-87E1-80B25CB6A34C} = {827E0CD3-B72D-47B6-A68D-7590B98EB39B}
		{7DE6ED0B-5A87-4424-B060-77EB66D9DD57} = {827E0CD3-B72D-47B6-A68D-7590B98EB39B}
		{16BFBF61-F1E1-48F7-A99B-6238DC623485} = {827E0CD3-B72D-47B6-A68D-7590B98EB39B}
		{66583444-398C-43CD-B9ED-3B63D5D3283B} = {827E0CD3-B72D-47B6-A68D-7590B98EB39B}
		{8ABA13B2-4A39-4CE7-A055-A37563090D56} = {827E0CD3-B72D-47B6-A68D-7590B98EB39B}
		{F1660FEE-70E3-4028-9FA8-A8C6720CA68E} = {0AB3BF05-4346-4AA6-1389-037BE0695223}
		{12F71A51-3996-4B82-81ED-DB497B400654} = {0AB3BF05-4346-4AA6-1389-037BE0695223}
	EndGlobalSection
EndGlobal
